// !$*UTF8*$!
{
	archiveVersion = 1;
	classes = {
	};
	objectVersion = 50;
	objects = {

/* Begin PBXBuildFile section */
		4B33C737222477AF00656FBB /* AppDelegate.swift in Sources */ = {isa = PBXBuildFile; fileRef = 4B33C736222477AF00656FBB /* AppDelegate.swift */; };
		4B33C739222477AF00656FBB /* ViewController.swift in Sources */ = {isa = PBXBuildFile; fileRef = 4B33C738222477AF00656FBB /* ViewController.swift */; };
		4B33C73C222477AF00656FBB /* Main.storyboard in Resources */ = {isa = PBXBuildFile; fileRef = 4B33C73A222477AF00656FBB /* Main.storyboard */; };
		4B33C73E222477B300656FBB /* Assets.xcassets in Resources */ = {isa = PBXBuildFile; fileRef = 4B33C73D222477B300656FBB /* Assets.xcassets */; };
		4B33C741222477B300656FBB /* LaunchScreen.storyboard in Resources */ = {isa = PBXBuildFile; fileRef = 4B33C73F222477B300656FBB /* LaunchScreen.storyboard */; };
		4B33C75322247B8700656FBB /* ResultadoViewController.swift in Sources */ = {isa = PBXBuildFile; fileRef = 4B33C75222247B8700656FBB /* ResultadoViewController.swift */; };
/* End PBXBuildFile section */

/* Begin PBXFileReference section */
		4B33C733222477AF00656FBB /* cara-coroa.app */ = {isa = PBXFileReference; explicitFileType = wrapper.application; includeInIndex = 0; path = "cara-coroa.app"; sourceTree = BUILT_PRODUCTS_DIR; };
		4B33C736222477AF00656FBB /* AppDelegate.swift */ = {isa = PBXFileReference; lastKnownFileType = sourcecode.swift; path = AppDelegate.swift; sourceTree = "<group>"; };
		4B33C738222477AF00656FBB /* ViewController.swift */ = {isa = PBXFileReference; lastKnownFileType = sourcecode.swift; path = ViewController.swift; sourceTree = "<group>"; };
		4B33C73B222477AF00656FBB /* Base */ = {isa = PBXFileReference; lastKnownFileType = file.storyboard; name = Base; path = Base.lproj/Main.storyboard; sourceTree = "<group>"; };
		4B33C73D222477B300656FBB /* Assets.xcassets */ = {isa = PBXFileReference; lastKnownFileType = folder.assetcatalog; path = Assets.xcassets; sourceTree = "<group>"; };
		4B33C740222477B300656FBB /* Base */ = {isa = PBXFileReference; lastKnownFileType = file.storyboard; name = Base; path = Base.lproj/LaunchScreen.storyboard; sourceTree = "<group>"; };
		4B33C742222477B300656FBB /* Info.plist */ = {isa = PBXFileReference; lastKnownFileType = text.plist.xml; path = Info.plist; sourceTree = "<group>"; };
		4B33C75222247B8700656FBB /* ResultadoViewController.swift */ = {isa = PBXFileReference; lastKnownFileType = sourcecode.swift; path = ResultadoViewController.swift; sourceTree = "<group>"; };
/* End PBXFileReference section */

/* Begin PBXFrameworksBuildPhase section */
		4B33C730222477AF00656FBB /* Frameworks */ = {
			isa = PBXFrameworksBuildPhase;
			buildActionMask = 2147483647;
			files = (
			);
			runOnlyForDeploymentPostprocessing = 0;
		};
/* End PBXFrameworksBuildPhase section */

/* Begin PBXGroup section */
		4B33C72A222477AF00656FBB = {
			isa = PBXGroup;
			children = (
				4B33C735222477AF00656FBB /* cara-coroa */,
				4B33C734222477AF00656FBB /* Products */,
			);
			sourceTree = "<group>";
		};
		4B33C734222477AF00656FBB /* Products */ = {
			isa = PBXGroup;
			children = (
				4B33C733222477AF00656FBB /* cara-coroa.app */,
			);
			name = Products;
			sourceTree = "<group>";
		};
		4B33C735222477AF00656FBB /* cara-coroa */ = {
			isa = PBXGroup;
			children = (
				4B33C73D222477B300656FBB /* Assets.xcassets */,
				4B33C736222477AF00656FBB /* AppDelegate.swift */,
				4B33C738222477AF00656FBB /* ViewController.swift */,
				4B33C75222247B8700656FBB /* ResultadoViewController.swift */,
				4B33C73A222477AF00656FBB /* Main.storyboard */,
				4B33C73F222477B300656FBB /* LaunchScreen.storyboard */,
				4B33C742222477B300656FBB /* Info.plist */,
			);
			path = "cara-coroa";
			sourceTree = "<group>";
		};
/* End PBXGroup section */

/* Begin PBXNativeTarget section */
		4B33C732222477AF00656FBB /* cara-coroa */ = {
			isa = PBXNativeTarget;
			buildConfigurationList = 4B33C745222477B300656FBB /* Build configuration list for PBXNativeTarget "cara-coroa" */;
			buildPhases = (
				4B33C72F222477AF00656FBB /* Sources */,
				4B33C730222477AF00656FBB /* Frameworks */,
				4B33C731222477AF00656FBB /* Resources */,
			);
			buildRules = (
			);
			dependencies = (
			);
			name = "cara-coroa";
			productName = "cara-coroa";
			productReference = 4B33C733222477AF00656FBB /* cara-coroa.app */;
			productType = "com.apple.product-type.application";
		};
/* End PBXNativeTarget section */

/* Begin PBXProject section */
		4B33C72B222477AF00656FBB /* Project object */ = {
			isa = PBXProject;
			attributes = {
				LastSwiftUpdateCheck = 1010;
				LastUpgradeCheck = 1010;
				ORGANIZATIONNAME = "Vilmar Ferreira Gomes";
				TargetAttributes = {
					4B33C732222477AF00656FBB = {
						CreatedOnToolsVersion = 10.1;
					};
				};
			};
			buildConfigurationList = 4B33C72E222477AF00656FBB /* Build configuration list for PBXProject "cara-coroa" */;
			compatibilityVersion = "Xcode 9.3";
			developmentRegion = en;
			hasScannedForEncodings = 0;
			knownRegions = (
				en,
				Base,
			);
			mainGroup = 4B33C72A222477AF00656FBB;
			productRefGroup = 4B33C734222477AF00656FBB /* Products */;
			projectDirPath = "";
			projectRoot = "";
			targets = (
				4B33C732222477AF00656FBB /* cara-coroa */,
			);
		};
/* End PBXProject section */

/* Begin PBXResourcesBuildPhase section */
		4B33C731222477AF00656FBB /* Resources */ = {
			isa = PBXResourcesBuildPhase;
			buildActionMask = 2147483647;
			files = (
				4B33C741222477B300656FBB /* LaunchScreen.storyboard in Resources */,
				4B33C73E222477B300656FBB /* Assets.xcassets in Resources */,
				4B33C73C222477AF00656FBB /* Main.storyboard in Resources */,
			);
			runOnlyForDeploymentPostprocessing = 0;
		};
/* End PBXResourcesBuildPhase section */

/* Begin PBXSourcesBuildPhase section */
		4B33C72F222477AF00656FBB /* Sources */ = {
			isa = PBXSourcesBuildPhase;
			buildActionMask = 2147483647;
			files = (
				4B33C75322247B8700656FBB /* ResultadoViewController.swift in Sources */,
				4B33C739222477AF00656FBB /* ViewController.swift in Sources */,
				4B33C737222477AF00656FBB /* AppDelegate.swift in Sources */,
			);
			runOnlyForDeploymentPostprocessing = 0;
		};
/* End PBXSourcesBuildPhase section */

/* Begin PBXVariantGroup section */
		4B33C73A222477AF00656FBB /* Main.storyboard */ = {
			isa = PBXVariantGroup;
			children = (
				4B33C73B222477AF00656FBB /* Base */,
			);
			name = Main.storyboard;
			sourceTree = "<group>";
		};
		4B33C73F222477B300656FBB /* LaunchScreen.storyboard */ = {
			isa = PBXVariantGroup;
			children = (
				4B33C740222477B300656FBB /* Base */,
			);
			name = LaunchScreen.storyboard;
			sourceTree = "<group>";
		};
/* End PBXVariantGroup section */

/* Begin XCBuildConfiguration section */
		4B33C743222477B300656FBB /* Debug */ = {
			isa = XCBuildConfiguration;
			buildSettings = {
				ALWAYS_SEARCH_USER_PATHS = NO;
				CLANG_ANALYZER_NONNULL = YES;
				CLANG_ANALYZER_NUMBER_OBJECT_CONVERSION = YES_AGGRESSIVE;
				CLANG_CXX_LANGUAGE_STANDARD = "gnu++14";
				CLANG_CXX_LIBRARY = "libc++";
				CLANG_ENABLE_MODULES = YES;
				CLANG_ENABLE_OBJC_ARC = YES;
				CLANG_ENABLE_OBJC_WEAK = YES;
				CLANG_WARN_BLOCK_CAPTURE_AUTORELEASING = YES;
				CLANG_WARN_BOOL_CONVERSION = YES;
				CLANG_WARN_COMMA = YES;
				CLANG_WARN_CONSTANT_CONVERSION = YES;
				CLANG_WARN_DEPRECATED_OBJC_IMPLEMENTATIONS = YES;
				CLANG_WARN_DIRECT_OBJC_ISA_USAGE = YES_ERROR;
				CLANG_WARN_DOCUMENTATION_COMMENTS = YES;
				CLANG_WARN_EMPTY_BODY = YES;
				CLANG_WARN_ENUM_CONVERSION = YES;
				CLANG_WARN_INFINITE_RECURSION = YES;
				CLANG_WARN_INT_CONVERSION = YES;
				CLANG_WARN_NON_LITERAL_NULL_CONVERSION = YES;
				CLANG_WARN_OBJC_IMPLICIT_RETAIN_SELF = YES;
				CLANG_WARN_OBJC_LITERAL_CONVERSION = YES;
				CLANG_WARN_OBJC_ROOT_CLASS = YES_ERROR;
				CLANG_WARN_RANGE_LOOP_ANALYSIS = YES;
				CLANG_WARN_STRICT_PROTOTYPES = YES;
				CLANG_WARN_SUSPICIOUS_MOVE = YES;
				CLANG_WARN_UNGUARDED_AVAILABILITY = YES_AGGRESSIVE;
				CLANG_WARN_UNREACHABLE_CODE = YES;
				CLANG_WARN__DUPLICATE_METHOD_MATCH = YES;
				CODE_SIGN_IDENTITY = "iPhone Developer";
				COPY_PHASE_STRIP = NO;
				DEBUG_INFORMATION_FORMAT = dwarf;
				ENABLE_STRICT_OBJC_MSGSEND = YES;
				ENABLE_TESTABILITY = YES;
				GCC_C_LANGUAGE_STANDARD = gnu11;
				GCC_DYNAMIC_NO_PIC = NO;
				GCC_NO_COMMON_BLOCKS = YES;
				GCC_OPTIMIZATION_LEVEL = 0;
				GCC_PREPROCESSOR_DEFINITIONS = (
					"DEBUG=1",
					"$(inherited)",
				);
				GCC_WARN_64_TO_32_BIT_CONVERSION = YES;
				GCC_WARN_ABOUT_RETURN_TYPE = YES_ERROR;
				GCC_WARN_UNDECLARED_SELECTOR = YES;
				GCC_WARN_UNINITIALIZED_AUTOS = YES_AGGRESSIVE;
				GCC_WARN_UNUSED_FUNCTION = YES;
				GCC_WARN_UNUSED_VARIABLE = YES;
				IPHONEOS_DEPLOYMENT_TARGET = 12.1;
				MTL_ENABLE_DEBUG_INFO = INCLUDE_SOURCE;
				MTL_FAST_MATH = YES;
				ONLY_ACTIVE_ARCH = YES;
				SDKROOT = iphoneos;
				SWIFT_ACTIVE_COMPILATION_CONDITIONS = DEBUG;
				SWIFT_OPTIMIZATION_LEVEL = "-Onone";
			};
			name = Debug;
		};
		4B33C744222477B300656FBB /* Release */ = {
			isa = XCBuildConfiguration;
			buildSettings = {
				ALWAYS_SEARCH_USER_PATHS = NO;
				CLANG_ANALYZER_NONNULL = YES;
				CLANG_ANALYZER_NUMBER_OBJECT_CONVERSION = YES_AGGRESSIVE;
				CLANG_CXX_LANGUAGE_STANDARD = "gnu++14";
				CLANG_CXX_LIBRARY = "libc++";
				CLANG_ENABLE_MODULES = YES;
				CLANG_ENABLE_OBJC_ARC = YES;
				CLANG_ENABLE_OBJC_WEAK = YES;
				CLANG_WARN_BLOCK_CAPTURE_AUTORELEASING = YES;
				CLANG_WARN_BOOL_CONVERSION = YES;
				CLANG_WARN_COMMA = YES;
				CLANG_WARN_CONSTANT_CONVERSION = YES;
				CLANG_WARN_DEPRECATED_OBJC_IMPLEMENTATIONS = YES;
				CLANG_WARN_DIRECT_OBJC_ISA_USAGE = YES_ERROR;
				CLANG_WARN_DOCUMENTATION_COMMENTS = YES;
				CLANG_WARN_EMPTY_BODY = YES;
				CLANG_WARN_ENUM_CONVERSION = YES;
				CLANG_WARN_INFINITE_RECURSION = YES;
				CLANG_WARN_INT_CONVERSION = YES;
				CLANG_WARN_NON_LITERAL_NULL_CONVERSION = YES;
				CLANG_WARN_OBJC_IMPLICIT_RETAIN_SELF = YES;
				CLANG_WARN_OBJC_LITERAL_CONVERSION = YES;
				CLANG_WARN_OBJC_ROOT_CLASS = YES_ERROR;
				CLANG_WARN_RANGE_LOOP_ANALYSIS = YES;
				CLANG_WARN_STRICT_PROTOTYPES = YES;
				CLANG_WARN_SUSPICIOUS_MOVE = YES;
				CLANG_WARN_UNGUARDED_AVAILABILITY = YES_AGGRESSIVE;
				CLANG_WARN_UNREACHABLE_CODE = YES;
				CLANG_WARN__DUPLICATE_METHOD_MATCH = YES;
				CODE_SIGN_IDENTITY = "iPhone Developer";
				COPY_PHASE_STRIP = NO;
				DEBUG_INFORMATION_FORMAT = "dwarf-with-dsym";
				ENABLE_NS_ASSERTIONS = NO;
				ENABLE_STRICT_OBJC_MSGSEND = YES;
				GCC_C_LANGUAGE_STANDARD = gnu11;
				GCC_NO_COMMON_BLOCKS = YES;
				GCC_WARN_64_TO_32_BIT_CONVERSION = YES;
				GCC_WARN_ABOUT_RETURN_TYPE = YES_ERROR;
				GCC_WARN_UNDECLARED_SELECTOR = YES;
				GCC_WARN_UNINITIALIZED_AUTOS = YES_AGGRESSIVE;
				GCC_WARN_UNUSED_FUNCTION = YES;
				GCC_WARN_UNUSED_VARIABLE = YES;
				IPHONEOS_DEPLOYMENT_TARGET = 12.1;
				MTL_ENABLE_DEBUG_INFO = NO;
				MTL_FAST_MATH = YES;
				SDKROOT = iphoneos;
				SWIFT_COMPILATION_MODE = wholemodule;
				SWIFT_OPTIMIZATION_LEVEL = "-O";
				VALIDATE_PRODUCT = YES;
			};
			name = Release;
		};
		4B33C746222477B300656FBB /* Debug */ = {
			isa = XCBuildConfiguration;
			buildSettings = {
				ASSETCATALOG_COMPILER_APPICON_NAME = AppIcon;
				CODE_SIGN_STYLE = Automatic;
				DEVELOPMENT_TEAM = 6JNYD665BB;
				INFOPLIST_FILE = "cara-coroa/Info.plist";
				LD_RUNPATH_SEARCH_PATHS = (
					"$(inherited)",
					"@executable_path/Frameworks",
				);
				PRODUCT_BUNDLE_IDENTIFIER = "ferreira.gomes.cara-coroa";
				PRODUCT_NAME = "$(TARGET_NAME)";
				SWIFT_VERSION = 4.2;
				TARGETED_DEVICE_FAMILY = "1,2";
			};
			name = Debug;
		};
		4B33C747222477B300656FBB /* Release */ = {
			isa = XCBuildConfiguration;
			buildSettings = {
				ASSETCATALOG_COMPILER_APPICON_NAME = AppIcon;
				CODE_SIGN_STYLE = Automatic;
				DEVELOPMENT_TEAM = 6JNYD665BB;
				INFOPLIST_FILE = "cara-coroa/Info.plist";
				LD_RUNPATH_SEARCH_PATHS = (
					"$(inherited)",
					"@executable_path/Frameworks",
				);
				PRODUCT_BUNDLE_IDENTIFIER = "ferreira.gomes.cara-coroa";
				PRODUCT_NAME = "$(TARGET_NAME)";
				SWIFT_VERSION = 4.2;
				TARGETED_DEVICE_FAMILY = "1,2";
			};
			name = Release;
		};
/* End XCBuildConfiguration section */

/* Begin XCConfigurationList section */
		4B33C72E222477AF00656FBB /* Build configuration list for PBXProject "cara-coroa" */ = {
			isa = XCConfigurationList;
			buildConfigurations = (
				4B33C743222477B300656FBB /* Debug */,
				4B33C744222477B300656FBB /* Release */,
			);
			defaultConfigurationIsVisible = 0;
			defaultConfigurationName = Release;
		};
		4B33C745222477B300656FBB /* Build configuration list for PBXNativeTarget "cara-coroa" */ = {
			isa = XCConfigurationList;
			buildConfigurations = (
				4B33C746222477B300656FBB /* Debug */,
				4B33C747222477B300656FBB /* Release */,
			);
			defaultConfigurationIsVisible = 0;
			defaultConfigurationName = Release;
		};
/* End XCConfigurationList section */
	};
	rootObject = 4B33C72B222477AF00656FBB /* Project object */;
}
