// !$*UTF8*$!
{
	archiveVersion = 1;
	classes = {
	};
	objectVersion = 50;
	objects = {

/* Begin PBXBuildFile section */
		4BE53BB02209009500BB6982 /* AppDelegate.swift in Sources */ = {isa = PBXBuildFile; fileRef = 4BE53BAF2209009500BB6982 /* AppDelegate.swift */; };
		4BE53BB22209009500BB6982 /* ViewController.swift in Sources */ = {isa = PBXBuildFile; fileRef = 4BE53BB12209009500BB6982 /* ViewController.swift */; };
		4BE53BB52209009500BB6982 /* Main.storyboard in Resources */ = {isa = PBXBuildFile; fileRef = 4BE53BB32209009500BB6982 /* Main.storyboard */; };
		4BE53BB72209009700BB6982 /* Assets.xcassets in Resources */ = {isa = PBXBuildFile; fileRef = 4BE53BB62209009700BB6982 /* Assets.xcassets */; };
		4BE53BBA2209009700BB6982 /* LaunchScreen.storyboard in Resources */ = {isa = PBXBuildFile; fileRef = 4BE53BB82209009700BB6982 /* LaunchScreen.storyboard */; };
		4BE53BCE220904D300BB6982 /* menu_empresa.png in Resources */ = {isa = PBXBuildFile; fileRef = 4BE53BC3220904D100BB6982 /* menu_empresa.png */; };
		4BE53BCF220904D300BB6982 /* detalhe_cliente.png in Resources */ = {isa = PBXBuildFile; fileRef = 4BE53BC4220904D200BB6982 /* detalhe_cliente.png */; };
		4BE53BD0220904D300BB6982 /* logo.png in Resources */ = {isa = PBXBuildFile; fileRef = 4BE53BC5220904D200BB6982 /* logo.png */; };
		4BE53BD1220904D300BB6982 /* cliente1.png in Resources */ = {isa = PBXBuildFile; fileRef = 4BE53BC6220904D200BB6982 /* cliente1.png */; };
		4BE53BD2220904D300BB6982 /* menu_servico.png in Resources */ = {isa = PBXBuildFile; fileRef = 4BE53BC7220904D200BB6982 /* menu_servico.png */; };
		4BE53BD3220904D300BB6982 /* detalhe_contato.png in Resources */ = {isa = PBXBuildFile; fileRef = 4BE53BC8220904D200BB6982 /* detalhe_contato.png */; };
		4BE53BD4220904D300BB6982 /* menu_cliente.png in Resources */ = {isa = PBXBuildFile; fileRef = 4BE53BC9220904D200BB6982 /* menu_cliente.png */; };
		4BE53BD5220904D300BB6982 /* detalhe_empresa.png in Resources */ = {isa = PBXBuildFile; fileRef = 4BE53BCA220904D200BB6982 /* detalhe_empresa.png */; };
		4BE53BD6220904D300BB6982 /* menu_contato.png in Resources */ = {isa = PBXBuildFile; fileRef = 4BE53BCB220904D300BB6982 /* menu_contato.png */; };
		4BE53BD7220904D300BB6982 /* cliente2.png in Resources */ = {isa = PBXBuildFile; fileRef = 4BE53BCC220904D300BB6982 /* cliente2.png */; };
		4BE53BD8220904D300BB6982 /* detalhe_servico.png in Resources */ = {isa = PBXBuildFile; fileRef = 4BE53BCD220904D300BB6982 /* detalhe_servico.png */; };
/* End PBXBuildFile section */

/* Begin PBXFileReference section */
		4BE53BAC2209009500BB6982 /* ATM Consultoria.app */ = {isa = PBXFileReference; explicitFileType = wrapper.application; includeInIndex = 0; path = "ATM Consultoria.app"; sourceTree = BUILT_PRODUCTS_DIR; };
		4BE53BAF2209009500BB6982 /* AppDelegate.swift */ = {isa = PBXFileReference; lastKnownFileType = sourcecode.swift; path = AppDelegate.swift; sourceTree = "<group>"; };
		4BE53BB12209009500BB6982 /* ViewController.swift */ = {isa = PBXFileReference; lastKnownFileType = sourcecode.swift; path = ViewController.swift; sourceTree = "<group>"; };
		4BE53BB42209009500BB6982 /* Base */ = {isa = PBXFileReference; lastKnownFileType = file.storyboard; name = Base; path = Base.lproj/Main.storyboard; sourceTree = "<group>"; };
		4BE53BB62209009700BB6982 /* Assets.xcassets */ = {isa = PBXFileReference; lastKnownFileType = folder.assetcatalog; path = Assets.xcassets; sourceTree = "<group>"; };
		4BE53BB92209009700BB6982 /* Base */ = {isa = PBXFileReference; lastKnownFileType = file.storyboard; name = Base; path = Base.lproj/LaunchScreen.storyboard; sourceTree = "<group>"; };
		4BE53BBB2209009700BB6982 /* Info.plist */ = {isa = PBXFileReference; lastKnownFileType = text.plist.xml; path = Info.plist; sourceTree = "<group>"; };
		4BE53BC3220904D100BB6982 /* menu_empresa.png */ = {isa = PBXFileReference; lastKnownFileType = image.png; path = menu_empresa.png; sourceTree = "<group>"; };
		4BE53BC4220904D200BB6982 /* detalhe_cliente.png */ = {isa = PBXFileReference; lastKnownFileType = image.png; path = detalhe_cliente.png; sourceTree = "<group>"; };
		4BE53BC5220904D200BB6982 /* logo.png */ = {isa = PBXFileReference; lastKnownFileType = image.png; path = logo.png; sourceTree = "<group>"; };
		4BE53BC6220904D200BB6982 /* cliente1.png */ = {isa = PBXFileReference; lastKnownFileType = image.png; path = cliente1.png; sourceTree = "<group>"; };
		4BE53BC7220904D200BB6982 /* menu_servico.png */ = {isa = PBXFileReference; lastKnownFileType = image.png; path = menu_servico.png; sourceTree = "<group>"; };
		4BE53BC8220904D200BB6982 /* detalhe_contato.png */ = {isa = PBXFileReference; lastKnownFileType = image.png; path = detalhe_contato.png; sourceTree = "<group>"; };
		4BE53BC9220904D200BB6982 /* menu_cliente.png */ = {isa = PBXFileReference; lastKnownFileType = image.png; path = menu_cliente.png; sourceTree = "<group>"; };
		4BE53BCA220904D200BB6982 /* detalhe_empresa.png */ = {isa = PBXFileReference; lastKnownFileType = image.png; path = detalhe_empresa.png; sourceTree = "<group>"; };
		4BE53BCB220904D300BB6982 /* menu_contato.png */ = {isa = PBXFileReference; lastKnownFileType = image.png; path = menu_contato.png; sourceTree = "<group>"; };
		4BE53BCC220904D300BB6982 /* cliente2.png */ = {isa = PBXFileReference; lastKnownFileType = image.png; path = cliente2.png; sourceTree = "<group>"; };
		4BE53BCD220904D300BB6982 /* detalhe_servico.png */ = {isa = PBXFileReference; lastKnownFileType = image.png; path = detalhe_servico.png; sourceTree = "<group>"; };
/* End PBXFileReference section */

/* Begin PBXFrameworksBuildPhase section */
		4BE53BA92209009500BB6982 /* Frameworks */ = {
			isa = PBXFrameworksBuildPhase;
			buildActionMask = 2147483647;
			files = (
			);
			runOnlyForDeploymentPostprocessing = 0;
		};
/* End PBXFrameworksBuildPhase section */

/* Begin PBXGroup section */
		4BE53BA32209009500BB6982 = {
			isa = PBXGroup;
			children = (
				4BE53BAE2209009500BB6982 /* ATM Consultoria */,
				4BE53BAD2209009500BB6982 /* Products */,
			);
			sourceTree = "<group>";
		};
		4BE53BAD2209009500BB6982 /* Products */ = {
			isa = PBXGroup;
			children = (
				4BE53BAC2209009500BB6982 /* ATM Consultoria.app */,
			);
			name = Products;
			sourceTree = "<group>";
		};
		4BE53BAE2209009500BB6982 /* ATM Consultoria */ = {
			isa = PBXGroup;
			children = (
				4BE53BC6220904D200BB6982 /* cliente1.png */,
				4BE53BCC220904D300BB6982 /* cliente2.png */,
				4BE53BC4220904D200BB6982 /* detalhe_cliente.png */,
				4BE53BC8220904D200BB6982 /* detalhe_contato.png */,
				4BE53BCA220904D200BB6982 /* detalhe_empresa.png */,
				4BE53BCD220904D300BB6982 /* detalhe_servico.png */,
				4BE53BC5220904D200BB6982 /* logo.png */,
				4BE53BC9220904D200BB6982 /* menu_cliente.png */,
				4BE53BCB220904D300BB6982 /* menu_contato.png */,
				4BE53BC3220904D100BB6982 /* menu_empresa.png */,
				4BE53BC7220904D200BB6982 /* menu_servico.png */,
				4BE53BAF2209009500BB6982 /* AppDelegate.swift */,
				4BE53BB12209009500BB6982 /* ViewController.swift */,
				4BE53BB32209009500BB6982 /* Main.storyboard */,
				4BE53BB62209009700BB6982 /* Assets.xcassets */,
				4BE53BB82209009700BB6982 /* LaunchScreen.storyboard */,
				4BE53BBB2209009700BB6982 /* Info.plist */,
			);
			path = "ATM Consultoria";
			sourceTree = "<group>";
		};
/* End PBXGroup section */

/* Begin PBXNativeTarget section */
		4BE53BAB2209009500BB6982 /* ATM Consultoria */ = {
			isa = PBXNativeTarget;
			buildConfigurationList = 4BE53BBE2209009700BB6982 /* Build configuration list for PBXNativeTarget "ATM Consultoria" */;
			buildPhases = (
				4BE53BA82209009500BB6982 /* Sources */,
				4BE53BA92209009500BB6982 /* Frameworks */,
				4BE53BAA2209009500BB6982 /* Resources */,
			);
			buildRules = (
			);
			dependencies = (
			);
			name = "ATM Consultoria";
			productName = "ATM Consultoria";
			productReference = 4BE53BAC2209009500BB6982 /* ATM Consultoria.app */;
			productType = "com.apple.product-type.application";
		};
/* End PBXNativeTarget section */

/* Begin PBXProject section */
		4BE53BA42209009500BB6982 /* Project object */ = {
			isa = PBXProject;
			attributes = {
				LastSwiftUpdateCheck = 1010;
				LastUpgradeCheck = 1010;
				ORGANIZATIONNAME = "Vilmar Ferreira Gomes";
				TargetAttributes = {
					4BE53BAB2209009500BB6982 = {
						CreatedOnToolsVersion = 10.1;
					};
				};
			};
			buildConfigurationList = 4BE53BA72209009500BB6982 /* Build configuration list for PBXProject "ATM Consultoria" */;
			compatibilityVersion = "Xcode 9.3";
			developmentRegion = en;
			hasScannedForEncodings = 0;
			knownRegions = (
				en,
				Base,
			);
			mainGroup = 4BE53BA32209009500BB6982;
			productRefGroup = 4BE53BAD2209009500BB6982 /* Products */;
			projectDirPath = "";
			projectRoot = "";
			targets = (
				4BE53BAB2209009500BB6982 /* ATM Consultoria */,
			);
		};
/* End PBXProject section */

/* Begin PBXResourcesBuildPhase section */
		4BE53BAA2209009500BB6982 /* Resources */ = {
			isa = PBXResourcesBuildPhase;
			buildActionMask = 2147483647;
			files = (
				4BE53BD3220904D300BB6982 /* detalhe_contato.png in Resources */,
				4BE53BD5220904D300BB6982 /* detalhe_empresa.png in Resources */,
				4BE53BD2220904D300BB6982 /* menu_servico.png in Resources */,
				4BE53BBA2209009700BB6982 /* LaunchScreen.storyboard in Resources */,
				4BE53BCF220904D300BB6982 /* detalhe_cliente.png in Resources */,
				4BE53BB72209009700BB6982 /* Assets.xcassets in Resources */,
				4BE53BD6220904D300BB6982 /* menu_contato.png in Resources */,
				4BE53BD1220904D300BB6982 /* cliente1.png in Resources */,
				4BE53BD0220904D300BB6982 /* logo.png in Resources */,
				4BE53BCE220904D300BB6982 /* menu_empresa.png in Resources */,
				4BE53BD8220904D300BB6982 /* detalhe_servico.png in Resources */,
				4BE53BB52209009500BB6982 /* Main.storyboard in Resources */,
				4BE53BD4220904D300BB6982 /* menu_cliente.png in Resources */,
				4BE53BD7220904D300BB6982 /* cliente2.png in Resources */,
			);
			runOnlyForDeploymentPostprocessing = 0;
		};
/* End PBXResourcesBuildPhase section */

/* Begin PBXSourcesBuildPhase section */
		4BE53BA82209009500BB6982 /* Sources */ = {
			isa = PBXSourcesBuildPhase;
			buildActionMask = 2147483647;
			files = (
				4BE53BB22209009500BB6982 /* ViewController.swift in Sources */,
				4BE53BB02209009500BB6982 /* AppDelegate.swift in Sources */,
			);
			runOnlyForDeploymentPostprocessing = 0;
		};
/* End PBXSourcesBuildPhase section */

/* Begin PBXVariantGroup section */
		4BE53BB32209009500BB6982 /* Main.storyboard */ = {
			isa = PBXVariantGroup;
			children = (
				4BE53BB42209009500BB6982 /* Base */,
			);
			name = Main.storyboard;
			sourceTree = "<group>";
		};
		4BE53BB82209009700BB6982 /* LaunchScreen.storyboard */ = {
			isa = PBXVariantGroup;
			children = (
				4BE53BB92209009700BB6982 /* Base */,
			);
			name = LaunchScreen.storyboard;
			sourceTree = "<group>";
		};
/* End PBXVariantGroup section */

/* Begin XCBuildConfiguration section */
		4BE53BBC2209009700BB6982 /* Debug */ = {
			isa = XCBuildConfiguration;
			buildSettings = {
				ALWAYS_SEARCH_USER_PATHS = NO;
				CLANG_ANALYZER_NONNULL = YES;
				CLANG_ANALYZER_NUMBER_OBJECT_CONVERSION = YES_AGGRESSIVE;
				CLANG_CXX_LANGUAGE_STANDARD = "gnu++14";
				CLANG_CXX_LIBRARY = "libc++";
				CLANG_ENABLE_MODULES = YES;
				CLANG_ENABLE_OBJC_ARC = YES;
				CLANG_ENABLE_OBJC_WEAK = YES;
				CLANG_WARN_BLOCK_CAPTURE_AUTORELEASING = YES;
				CLANG_WARN_BOOL_CONVERSION = YES;
				CLANG_WARN_COMMA = YES;
				CLANG_WARN_CONSTANT_CONVERSION = YES;
				CLANG_WARN_DEPRECATED_OBJC_IMPLEMENTATIONS = YES;
				CLANG_WARN_DIRECT_OBJC_ISA_USAGE = YES_ERROR;
				CLANG_WARN_DOCUMENTATION_COMMENTS = YES;
				CLANG_WARN_EMPTY_BODY = YES;
				CLANG_WARN_ENUM_CONVERSION = YES;
				CLANG_WARN_INFINITE_RECURSION = YES;
				CLANG_WARN_INT_CONVERSION = YES;
				CLANG_WARN_NON_LITERAL_NULL_CONVERSION = YES;
				CLANG_WARN_OBJC_IMPLICIT_RETAIN_SELF = YES;
				CLANG_WARN_OBJC_LITERAL_CONVERSION = YES;
				CLANG_WARN_OBJC_ROOT_CLASS = YES_ERROR;
				CLANG_WARN_RANGE_LOOP_ANALYSIS = YES;
				CLANG_WARN_STRICT_PROTOTYPES = YES;
				CLANG_WARN_SUSPICIOUS_MOVE = YES;
				CLANG_WARN_UNGUARDED_AVAILABILITY = YES_AGGRESSIVE;
				CLANG_WARN_UNREACHABLE_CODE = YES;
				CLANG_WARN__DUPLICATE_METHOD_MATCH = YES;
				CODE_SIGN_IDENTITY = "iPhone Developer";
				COPY_PHASE_STRIP = NO;
				DEBUG_INFORMATION_FORMAT = dwarf;
				ENABLE_STRICT_OBJC_MSGSEND = YES;
				ENABLE_TESTABILITY = YES;
				GCC_C_LANGUAGE_STANDARD = gnu11;
				GCC_DYNAMIC_NO_PIC = NO;
				GCC_NO_COMMON_BLOCKS = YES;
				GCC_OPTIMIZATION_LEVEL = 0;
				GCC_PREPROCESSOR_DEFINITIONS = (
					"DEBUG=1",
					"$(inherited)",
				);
				GCC_WARN_64_TO_32_BIT_CONVERSION = YES;
				GCC_WARN_ABOUT_RETURN_TYPE = YES_ERROR;
				GCC_WARN_UNDECLARED_SELECTOR = YES;
				GCC_WARN_UNINITIALIZED_AUTOS = YES_AGGRESSIVE;
				GCC_WARN_UNUSED_FUNCTION = YES;
				GCC_WARN_UNUSED_VARIABLE = YES;
				IPHONEOS_DEPLOYMENT_TARGET = 12.1;
				MTL_ENABLE_DEBUG_INFO = INCLUDE_SOURCE;
				MTL_FAST_MATH = YES;
				ONLY_ACTIVE_ARCH = YES;
				SDKROOT = iphoneos;
				SWIFT_ACTIVE_COMPILATION_CONDITIONS = DEBUG;
				SWIFT_OPTIMIZATION_LEVEL = "-Onone";
			};
			name = Debug;
		};
		4BE53BBD2209009700BB6982 /* Release */ = {
			isa = XCBuildConfiguration;
			buildSettings = {
				ALWAYS_SEARCH_USER_PATHS = NO;
				CLANG_ANALYZER_NONNULL = YES;
				CLANG_ANALYZER_NUMBER_OBJECT_CONVERSION = YES_AGGRESSIVE;
				CLANG_CXX_LANGUAGE_STANDARD = "gnu++14";
				CLANG_CXX_LIBRARY = "libc++";
				CLANG_ENABLE_MODULES = YES;
				CLANG_ENABLE_OBJC_ARC = YES;
				CLANG_ENABLE_OBJC_WEAK = YES;
				CLANG_WARN_BLOCK_CAPTURE_AUTORELEASING = YES;
				CLANG_WARN_BOOL_CONVERSION = YES;
				CLANG_WARN_COMMA = YES;
				CLANG_WARN_CONSTANT_CONVERSION = YES;
				CLANG_WARN_DEPRECATED_OBJC_IMPLEMENTATIONS = YES;
				CLANG_WARN_DIRECT_OBJC_ISA_USAGE = YES_ERROR;
				CLANG_WARN_DOCUMENTATION_COMMENTS = YES;
				CLANG_WARN_EMPTY_BODY = YES;
				CLANG_WARN_ENUM_CONVERSION = YES;
				CLANG_WARN_INFINITE_RECURSION = YES;
				CLANG_WARN_INT_CONVERSION = YES;
				CLANG_WARN_NON_LITERAL_NULL_CONVERSION = YES;
				CLANG_WARN_OBJC_IMPLICIT_RETAIN_SELF = YES;
				CLANG_WARN_OBJC_LITERAL_CONVERSION = YES;
				CLANG_WARN_OBJC_ROOT_CLASS = YES_ERROR;
				CLANG_WARN_RANGE_LOOP_ANALYSIS = YES;
				CLANG_WARN_STRICT_PROTOTYPES = YES;
				CLANG_WARN_SUSPICIOUS_MOVE = YES;
				CLANG_WARN_UNGUARDED_AVAILABILITY = YES_AGGRESSIVE;
				CLANG_WARN_UNREACHABLE_CODE = YES;
				CLANG_WARN__DUPLICATE_METHOD_MATCH = YES;
				CODE_SIGN_IDENTITY = "iPhone Developer";
				COPY_PHASE_STRIP = NO;
				DEBUG_INFORMATION_FORMAT = "dwarf-with-dsym";
				ENABLE_NS_ASSERTIONS = NO;
				ENABLE_STRICT_OBJC_MSGSEND = YES;
				GCC_C_LANGUAGE_STANDARD = gnu11;
				GCC_NO_COMMON_BLOCKS = YES;
				GCC_WARN_64_TO_32_BIT_CONVERSION = YES;
				GCC_WARN_ABOUT_RETURN_TYPE = YES_ERROR;
				GCC_WARN_UNDECLARED_SELECTOR = YES;
				GCC_WARN_UNINITIALIZED_AUTOS = YES_AGGRESSIVE;
				GCC_WARN_UNUSED_FUNCTION = YES;
				GCC_WARN_UNUSED_VARIABLE = YES;
				IPHONEOS_DEPLOYMENT_TARGET = 12.1;
				MTL_ENABLE_DEBUG_INFO = NO;
				MTL_FAST_MATH = YES;
				SDKROOT = iphoneos;
				SWIFT_COMPILATION_MODE = wholemodule;
				SWIFT_OPTIMIZATION_LEVEL = "-O";
				VALIDATE_PRODUCT = YES;
			};
			name = Release;
		};
		4BE53BBF2209009700BB6982 /* Debug */ = {
			isa = XCBuildConfiguration;
			buildSettings = {
				ASSETCATALOG_COMPILER_APPICON_NAME = AppIcon;
				CODE_SIGN_STYLE = Automatic;
				DEVELOPMENT_TEAM = 6JNYD665BB;
				INFOPLIST_FILE = "ATM Consultoria/Info.plist";
				LD_RUNPATH_SEARCH_PATHS = (
					"$(inherited)",
					"@executable_path/Frameworks",
				);
				PRODUCT_BUNDLE_IDENTIFIER = "ferreira.gomes.ATM-Consultoria";
				PRODUCT_NAME = "$(TARGET_NAME)";
				SWIFT_VERSION = 4.2;
				TARGETED_DEVICE_FAMILY = "1,2";
			};
			name = Debug;
		};
		4BE53BC02209009700BB6982 /* Release */ = {
			isa = XCBuildConfiguration;
			buildSettings = {
				ASSETCATALOG_COMPILER_APPICON_NAME = AppIcon;
				CODE_SIGN_STYLE = Automatic;
				DEVELOPMENT_TEAM = 6JNYD665BB;
				INFOPLIST_FILE = "ATM Consultoria/Info.plist";
				LD_RUNPATH_SEARCH_PATHS = (
					"$(inherited)",
					"@executable_path/Frameworks",
				);
				PRODUCT_BUNDLE_IDENTIFIER = "ferreira.gomes.ATM-Consultoria";
				PRODUCT_NAME = "$(TARGET_NAME)";
				SWIFT_VERSION = 4.2;
				TARGETED_DEVICE_FAMILY = "1,2";
			};
			name = Release;
		};
/* End XCBuildConfiguration section */

/* Begin XCConfigurationList section */
		4BE53BA72209009500BB6982 /* Build configuration list for PBXProject "ATM Consultoria" */ = {
			isa = XCConfigurationList;
			buildConfigurations = (
				4BE53BBC2209009700BB6982 /* Debug */,
				4BE53BBD2209009700BB6982 /* Release */,
			);
			defaultConfigurationIsVisible = 0;
			defaultConfigurationName = Release;
		};
		4BE53BBE2209009700BB6982 /* Build configuration list for PBXNativeTarget "ATM Consultoria" */ = {
			isa = XCConfigurationList;
			buildConfigurations = (
				4BE53BBF2209009700BB6982 /* Debug */,
				4BE53BC02209009700BB6982 /* Release */,
			);
			defaultConfigurationIsVisible = 0;
			defaultConfigurationName = Release;
		};
/* End XCConfigurationList section */
	};
	rootObject = 4BE53BA42209009500BB6982 /* Project object */;
}
