// !$*UTF8*$!
{
	archiveVersion = 1;
	classes = {
	};
	objectVersion = 50;
	objects = {

/* Begin PBXBuildFile section */
		4BC4DC2822318BA100D8FF9C /* AppDelegate.swift in Sources */ = {isa = PBXBuildFile; fileRef = 4BC4DC2722318BA100D8FF9C /* AppDelegate.swift */; };
		4BC4DC2D22318BA100D8FF9C /* Main.storyboard in Resources */ = {isa = PBXBuildFile; fileRef = 4BC4DC2B22318BA100D8FF9C /* Main.storyboard */; };
		4BC4DC2F22318BA300D8FF9C /* Assets.xcassets in Resources */ = {isa = PBXBuildFile; fileRef = 4BC4DC2E22318BA300D8FF9C /* Assets.xcassets */; };
		4BC4DC3222318BA300D8FF9C /* LaunchScreen.storyboard in Resources */ = {isa = PBXBuildFile; fileRef = 4BC4DC3022318BA300D8FF9C /* LaunchScreen.storyboard */; };
		4BC4DC3A22318DBB00D8FF9C /* AdicionarTarefaController.swift in Sources */ = {isa = PBXBuildFile; fileRef = 4BC4DC3922318DBB00D8FF9C /* AdicionarTarefaController.swift */; };
		4BC4DC3C22318FB600D8FF9C /* TarefasTableViewController.swift in Sources */ = {isa = PBXBuildFile; fileRef = 4BC4DC3B22318FB600D8FF9C /* TarefasTableViewController.swift */; };
		4BC4DC3E2231920800D8FF9C /* TarefasUserDefaults.swift in Sources */ = {isa = PBXBuildFile; fileRef = 4BC4DC3D2231920800D8FF9C /* TarefasUserDefaults.swift */; };
/* End PBXBuildFile section */

/* Begin PBXFileReference section */
		4BC4DC2422318BA100D8FF9C /* lista-anotacoes.app */ = {isa = PBXFileReference; explicitFileType = wrapper.application; includeInIndex = 0; path = "lista-anotacoes.app"; sourceTree = BUILT_PRODUCTS_DIR; };
		4BC4DC2722318BA100D8FF9C /* AppDelegate.swift */ = {isa = PBXFileReference; lastKnownFileType = sourcecode.swift; path = AppDelegate.swift; sourceTree = "<group>"; };
		4BC4DC2C22318BA100D8FF9C /* Base */ = {isa = PBXFileReference; lastKnownFileType = file.storyboard; name = Base; path = Base.lproj/Main.storyboard; sourceTree = "<group>"; };
		4BC4DC2E22318BA300D8FF9C /* Assets.xcassets */ = {isa = PBXFileReference; lastKnownFileType = folder.assetcatalog; path = Assets.xcassets; sourceTree = "<group>"; };
		4BC4DC3122318BA300D8FF9C /* Base */ = {isa = PBXFileReference; lastKnownFileType = file.storyboard; name = Base; path = Base.lproj/LaunchScreen.storyboard; sourceTree = "<group>"; };
		4BC4DC3322318BA300D8FF9C /* Info.plist */ = {isa = PBXFileReference; lastKnownFileType = text.plist.xml; path = Info.plist; sourceTree = "<group>"; };
		4BC4DC3922318DBB00D8FF9C /* AdicionarTarefaController.swift */ = {isa = PBXFileReference; lastKnownFileType = sourcecode.swift; path = AdicionarTarefaController.swift; sourceTree = "<group>"; };
		4BC4DC3B22318FB600D8FF9C /* TarefasTableViewController.swift */ = {isa = PBXFileReference; lastKnownFileType = sourcecode.swift; path = TarefasTableViewController.swift; sourceTree = "<group>"; };
		4BC4DC3D2231920800D8FF9C /* TarefasUserDefaults.swift */ = {isa = PBXFileReference; lastKnownFileType = sourcecode.swift; path = TarefasUserDefaults.swift; sourceTree = "<group>"; };
/* End PBXFileReference section */

/* Begin PBXFrameworksBuildPhase section */
		4BC4DC2122318BA100D8FF9C /* Frameworks */ = {
			isa = PBXFrameworksBuildPhase;
			buildActionMask = 2147483647;
			files = (
			);
			runOnlyForDeploymentPostprocessing = 0;
		};
/* End PBXFrameworksBuildPhase section */

/* Begin PBXGroup section */
		4BC4DC1B22318BA100D8FF9C = {
			isa = PBXGroup;
			children = (
				4BC4DC2622318BA100D8FF9C /* lista-anotacoes */,
				4BC4DC2522318BA100D8FF9C /* Products */,
			);
			sourceTree = "<group>";
		};
		4BC4DC2522318BA100D8FF9C /* Products */ = {
			isa = PBXGroup;
			children = (
				4BC4DC2422318BA100D8FF9C /* lista-anotacoes.app */,
			);
			name = Products;
			sourceTree = "<group>";
		};
		4BC4DC2622318BA100D8FF9C /* lista-anotacoes */ = {
			isa = PBXGroup;
			children = (
				4BC4DC2722318BA100D8FF9C /* AppDelegate.swift */,
				4BC4DC2B22318BA100D8FF9C /* Main.storyboard */,
				4BC4DC2E22318BA300D8FF9C /* Assets.xcassets */,
				4BC4DC3022318BA300D8FF9C /* LaunchScreen.storyboard */,
				4BC4DC3322318BA300D8FF9C /* Info.plist */,
				4BC4DC3922318DBB00D8FF9C /* AdicionarTarefaController.swift */,
				4BC4DC3B22318FB600D8FF9C /* TarefasTableViewController.swift */,
				4BC4DC3D2231920800D8FF9C /* TarefasUserDefaults.swift */,
			);
			path = "lista-anotacoes";
			sourceTree = "<group>";
		};
/* End PBXGroup section */

/* Begin PBXNativeTarget section */
		4BC4DC2322318BA100D8FF9C /* lista-anotacoes */ = {
			isa = PBXNativeTarget;
			buildConfigurationList = 4BC4DC3622318BA300D8FF9C /* Build configuration list for PBXNativeTarget "lista-anotacoes" */;
			buildPhases = (
				4BC4DC2022318BA100D8FF9C /* Sources */,
				4BC4DC2122318BA100D8FF9C /* Frameworks */,
				4BC4DC2222318BA100D8FF9C /* Resources */,
			);
			buildRules = (
			);
			dependencies = (
			);
			name = "lista-anotacoes";
			productName = "lista-anotacoes";
			productReference = 4BC4DC2422318BA100D8FF9C /* lista-anotacoes.app */;
			productType = "com.apple.product-type.application";
		};
/* End PBXNativeTarget section */

/* Begin PBXProject section */
		4BC4DC1C22318BA100D8FF9C /* Project object */ = {
			isa = PBXProject;
			attributes = {
				LastSwiftUpdateCheck = 1010;
				LastUpgradeCheck = 1010;
				ORGANIZATIONNAME = "Vilmar Ferreira Gomes";
				TargetAttributes = {
					4BC4DC2322318BA100D8FF9C = {
						CreatedOnToolsVersion = 10.1;
					};
				};
			};
			buildConfigurationList = 4BC4DC1F22318BA100D8FF9C /* Build configuration list for PBXProject "lista-anotacoes" */;
			compatibilityVersion = "Xcode 9.3";
			developmentRegion = en;
			hasScannedForEncodings = 0;
			knownRegions = (
				en,
				Base,
			);
			mainGroup = 4BC4DC1B22318BA100D8FF9C;
			productRefGroup = 4BC4DC2522318BA100D8FF9C /* Products */;
			projectDirPath = "";
			projectRoot = "";
			targets = (
				4BC4DC2322318BA100D8FF9C /* lista-anotacoes */,
			);
		};
/* End PBXProject section */

/* Begin PBXResourcesBuildPhase section */
		4BC4DC2222318BA100D8FF9C /* Resources */ = {
			isa = PBXResourcesBuildPhase;
			buildActionMask = 2147483647;
			files = (
				4BC4DC3222318BA300D8FF9C /* LaunchScreen.storyboard in Resources */,
				4BC4DC2F22318BA300D8FF9C /* Assets.xcassets in Resources */,
				4BC4DC2D22318BA100D8FF9C /* Main.storyboard in Resources */,
			);
			runOnlyForDeploymentPostprocessing = 0;
		};
/* End PBXResourcesBuildPhase section */

/* Begin PBXSourcesBuildPhase section */
		4BC4DC2022318BA100D8FF9C /* Sources */ = {
			isa = PBXSourcesBuildPhase;
			buildActionMask = 2147483647;
			files = (
				4BC4DC3C22318FB600D8FF9C /* TarefasTableViewController.swift in Sources */,
				4BC4DC3E2231920800D8FF9C /* TarefasUserDefaults.swift in Sources */,
				4BC4DC2822318BA100D8FF9C /* AppDelegate.swift in Sources */,
				4BC4DC3A22318DBB00D8FF9C /* AdicionarTarefaController.swift in Sources */,
			);
			runOnlyForDeploymentPostprocessing = 0;
		};
/* End PBXSourcesBuildPhase section */

/* Begin PBXVariantGroup section */
		4BC4DC2B22318BA100D8FF9C /* Main.storyboard */ = {
			isa = PBXVariantGroup;
			children = (
				4BC4DC2C22318BA100D8FF9C /* Base */,
			);
			name = Main.storyboard;
			sourceTree = "<group>";
		};
		4BC4DC3022318BA300D8FF9C /* LaunchScreen.storyboard */ = {
			isa = PBXVariantGroup;
			children = (
				4BC4DC3122318BA300D8FF9C /* Base */,
			);
			name = LaunchScreen.storyboard;
			sourceTree = "<group>";
		};
/* End PBXVariantGroup section */

/* Begin XCBuildConfiguration section */
		4BC4DC3422318BA300D8FF9C /* Debug */ = {
			isa = XCBuildConfiguration;
			buildSettings = {
				ALWAYS_SEARCH_USER_PATHS = NO;
				CLANG_ANALYZER_NONNULL = YES;
				CLANG_ANALYZER_NUMBER_OBJECT_CONVERSION = YES_AGGRESSIVE;
				CLANG_CXX_LANGUAGE_STANDARD = "gnu++14";
				CLANG_CXX_LIBRARY = "libc++";
				CLANG_ENABLE_MODULES = YES;
				CLANG_ENABLE_OBJC_ARC = YES;
				CLANG_ENABLE_OBJC_WEAK = YES;
				CLANG_WARN_BLOCK_CAPTURE_AUTORELEASING = YES;
				CLANG_WARN_BOOL_CONVERSION = YES;
				CLANG_WARN_COMMA = YES;
				CLANG_WARN_CONSTANT_CONVERSION = YES;
				CLANG_WARN_DEPRECATED_OBJC_IMPLEMENTATIONS = YES;
				CLANG_WARN_DIRECT_OBJC_ISA_USAGE = YES_ERROR;
				CLANG_WARN_DOCUMENTATION_COMMENTS = YES;
				CLANG_WARN_EMPTY_BODY = YES;
				CLANG_WARN_ENUM_CONVERSION = YES;
				CLANG_WARN_INFINITE_RECURSION = YES;
				CLANG_WARN_INT_CONVERSION = YES;
				CLANG_WARN_NON_LITERAL_NULL_CONVERSION = YES;
				CLANG_WARN_OBJC_IMPLICIT_RETAIN_SELF = YES;
				CLANG_WARN_OBJC_LITERAL_CONVERSION = YES;
				CLANG_WARN_OBJC_ROOT_CLASS = YES_ERROR;
				CLANG_WARN_RANGE_LOOP_ANALYSIS = YES;
				CLANG_WARN_STRICT_PROTOTYPES = YES;
				CLANG_WARN_SUSPICIOUS_MOVE = YES;
				CLANG_WARN_UNGUARDED_AVAILABILITY = YES_AGGRESSIVE;
				CLANG_WARN_UNREACHABLE_CODE = YES;
				CLANG_WARN__DUPLICATE_METHOD_MATCH = YES;
				CODE_SIGN_IDENTITY = "iPhone Developer";
				COPY_PHASE_STRIP = NO;
				DEBUG_INFORMATION_FORMAT = dwarf;
				ENABLE_STRICT_OBJC_MSGSEND = YES;
				ENABLE_TESTABILITY = YES;
				GCC_C_LANGUAGE_STANDARD = gnu11;
				GCC_DYNAMIC_NO_PIC = NO;
				GCC_NO_COMMON_BLOCKS = YES;
				GCC_OPTIMIZATION_LEVEL = 0;
				GCC_PREPROCESSOR_DEFINITIONS = (
					"DEBUG=1",
					"$(inherited)",
				);
				GCC_WARN_64_TO_32_BIT_CONVERSION = YES;
				GCC_WARN_ABOUT_RETURN_TYPE = YES_ERROR;
				GCC_WARN_UNDECLARED_SELECTOR = YES;
				GCC_WARN_UNINITIALIZED_AUTOS = YES_AGGRESSIVE;
				GCC_WARN_UNUSED_FUNCTION = YES;
				GCC_WARN_UNUSED_VARIABLE = YES;
				IPHONEOS_DEPLOYMENT_TARGET = 12.1;
				MTL_ENABLE_DEBUG_INFO = INCLUDE_SOURCE;
				MTL_FAST_MATH = YES;
				ONLY_ACTIVE_ARCH = YES;
				SDKROOT = iphoneos;
				SWIFT_ACTIVE_COMPILATION_CONDITIONS = DEBUG;
				SWIFT_OPTIMIZATION_LEVEL = "-Onone";
			};
			name = Debug;
		};
		4BC4DC3522318BA300D8FF9C /* Release */ = {
			isa = XCBuildConfiguration;
			buildSettings = {
				ALWAYS_SEARCH_USER_PATHS = NO;
				CLANG_ANALYZER_NONNULL = YES;
				CLANG_ANALYZER_NUMBER_OBJECT_CONVERSION = YES_AGGRESSIVE;
				CLANG_CXX_LANGUAGE_STANDARD = "gnu++14";
				CLANG_CXX_LIBRARY = "libc++";
				CLANG_ENABLE_MODULES = YES;
				CLANG_ENABLE_OBJC_ARC = YES;
				CLANG_ENABLE_OBJC_WEAK = YES;
				CLANG_WARN_BLOCK_CAPTURE_AUTORELEASING = YES;
				CLANG_WARN_BOOL_CONVERSION = YES;
				CLANG_WARN_COMMA = YES;
				CLANG_WARN_CONSTANT_CONVERSION = YES;
				CLANG_WARN_DEPRECATED_OBJC_IMPLEMENTATIONS = YES;
				CLANG_WARN_DIRECT_OBJC_ISA_USAGE = YES_ERROR;
				CLANG_WARN_DOCUMENTATION_COMMENTS = YES;
				CLANG_WARN_EMPTY_BODY = YES;
				CLANG_WARN_ENUM_CONVERSION = YES;
				CLANG_WARN_INFINITE_RECURSION = YES;
				CLANG_WARN_INT_CONVERSION = YES;
				CLANG_WARN_NON_LITERAL_NULL_CONVERSION = YES;
				CLANG_WARN_OBJC_IMPLICIT_RETAIN_SELF = YES;
				CLANG_WARN_OBJC_LITERAL_CONVERSION = YES;
				CLANG_WARN_OBJC_ROOT_CLASS = YES_ERROR;
				CLANG_WARN_RANGE_LOOP_ANALYSIS = YES;
				CLANG_WARN_STRICT_PROTOTYPES = YES;
				CLANG_WARN_SUSPICIOUS_MOVE = YES;
				CLANG_WARN_UNGUARDED_AVAILABILITY = YES_AGGRESSIVE;
				CLANG_WARN_UNREACHABLE_CODE = YES;
				CLANG_WARN__DUPLICATE_METHOD_MATCH = YES;
				CODE_SIGN_IDENTITY = "iPhone Developer";
				COPY_PHASE_STRIP = NO;
				DEBUG_INFORMATION_FORMAT = "dwarf-with-dsym";
				ENABLE_NS_ASSERTIONS = NO;
				ENABLE_STRICT_OBJC_MSGSEND = YES;
				GCC_C_LANGUAGE_STANDARD = gnu11;
				GCC_NO_COMMON_BLOCKS = YES;
				GCC_WARN_64_TO_32_BIT_CONVERSION = YES;
				GCC_WARN_ABOUT_RETURN_TYPE = YES_ERROR;
				GCC_WARN_UNDECLARED_SELECTOR = YES;
				GCC_WARN_UNINITIALIZED_AUTOS = YES_AGGRESSIVE;
				GCC_WARN_UNUSED_FUNCTION = YES;
				GCC_WARN_UNUSED_VARIABLE = YES;
				IPHONEOS_DEPLOYMENT_TARGET = 12.1;
				MTL_ENABLE_DEBUG_INFO = NO;
				MTL_FAST_MATH = YES;
				SDKROOT = iphoneos;
				SWIFT_COMPILATION_MODE = wholemodule;
				SWIFT_OPTIMIZATION_LEVEL = "-O";
				VALIDATE_PRODUCT = YES;
			};
			name = Release;
		};
		4BC4DC3722318BA300D8FF9C /* Debug */ = {
			isa = XCBuildConfiguration;
			buildSettings = {
				ASSETCATALOG_COMPILER_APPICON_NAME = AppIcon;
				CODE_SIGN_STYLE = Automatic;
				DEVELOPMENT_TEAM = 6JNYD665BB;
				INFOPLIST_FILE = "lista-anotacoes/Info.plist";
				LD_RUNPATH_SEARCH_PATHS = (
					"$(inherited)",
					"@executable_path/Frameworks",
				);
				PRODUCT_BUNDLE_IDENTIFIER = "ferreira.gomes.lista-anotacoes";
				PRODUCT_NAME = "$(TARGET_NAME)";
				SWIFT_VERSION = 4.2;
				TARGETED_DEVICE_FAMILY = "1,2";
			};
			name = Debug;
		};
		4BC4DC3822318BA300D8FF9C /* Release */ = {
			isa = XCBuildConfiguration;
			buildSettings = {
				ASSETCATALOG_COMPILER_APPICON_NAME = AppIcon;
				CODE_SIGN_STYLE = Automatic;
				DEVELOPMENT_TEAM = 6JNYD665BB;
				INFOPLIST_FILE = "lista-anotacoes/Info.plist";
				LD_RUNPATH_SEARCH_PATHS = (
					"$(inherited)",
					"@executable_path/Frameworks",
				);
				PRODUCT_BUNDLE_IDENTIFIER = "ferreira.gomes.lista-anotacoes";
				PRODUCT_NAME = "$(TARGET_NAME)";
				SWIFT_VERSION = 4.2;
				TARGETED_DEVICE_FAMILY = "1,2";
			};
			name = Release;
		};
/* End XCBuildConfiguration section */

/* Begin XCConfigurationList section */
		4BC4DC1F22318BA100D8FF9C /* Build configuration list for PBXProject "lista-anotacoes" */ = {
			isa = XCConfigurationList;
			buildConfigurations = (
				4BC4DC3422318BA300D8FF9C /* Debug */,
				4BC4DC3522318BA300D8FF9C /* Release */,
			);
			defaultConfigurationIsVisible = 0;
			defaultConfigurationName = Release;
		};
		4BC4DC3622318BA300D8FF9C /* Build configuration list for PBXNativeTarget "lista-anotacoes" */ = {
			isa = XCConfigurationList;
			buildConfigurations = (
				4BC4DC3722318BA300D8FF9C /* Debug */,
				4BC4DC3822318BA300D8FF9C /* Release */,
			);
			defaultConfigurationIsVisible = 0;
			defaultConfigurationName = Release;
		};
/* End XCConfigurationList section */
	};
	rootObject = 4BC4DC1C22318BA100D8FF9C /* Project object */;
}
