// !$*UTF8*$!
{
	archiveVersion = 1;
	classes = {
	};
	objectVersion = 50;
	objects = {

/* Begin PBXBuildFile section */
		4B62CDCB221D7DB300DA8C6A /* AppDelegate.swift in Sources */ = {isa = PBXBuildFile; fileRef = 4B62CDCA221D7DB300DA8C6A /* AppDelegate.swift */; };
		4B62CDCD221D7DB300DA8C6A /* ViewController.swift in Sources */ = {isa = PBXBuildFile; fileRef = 4B62CDCC221D7DB300DA8C6A /* ViewController.swift */; };
		4B62CDD0221D7DB300DA8C6A /* Main.storyboard in Resources */ = {isa = PBXBuildFile; fileRef = 4B62CDCE221D7DB300DA8C6A /* Main.storyboard */; };
		4B62CDD2221D7DB500DA8C6A /* Assets.xcassets in Resources */ = {isa = PBXBuildFile; fileRef = 4B62CDD1221D7DB500DA8C6A /* Assets.xcassets */; };
		4B62CDD5221D7DB500DA8C6A /* LaunchScreen.storyboard in Resources */ = {isa = PBXBuildFile; fileRef = 4B62CDD3221D7DB500DA8C6A /* LaunchScreen.storyboard */; };
		4B62CDDD221D80EA00DA8C6A /* DetalhesViewController.swift in Sources */ = {isa = PBXBuildFile; fileRef = 4B62CDDC221D80EA00DA8C6A /* DetalhesViewController.swift */; };
/* End PBXBuildFile section */

/* Begin PBXFileReference section */
		4B62CDC7221D7DB300DA8C6A /* Passar dados.app */ = {isa = PBXFileReference; explicitFileType = wrapper.application; includeInIndex = 0; path = "Passar dados.app"; sourceTree = BUILT_PRODUCTS_DIR; };
		4B62CDCA221D7DB300DA8C6A /* AppDelegate.swift */ = {isa = PBXFileReference; lastKnownFileType = sourcecode.swift; path = AppDelegate.swift; sourceTree = "<group>"; };
		4B62CDCC221D7DB300DA8C6A /* ViewController.swift */ = {isa = PBXFileReference; lastKnownFileType = sourcecode.swift; path = ViewController.swift; sourceTree = "<group>"; };
		4B62CDCF221D7DB300DA8C6A /* Base */ = {isa = PBXFileReference; lastKnownFileType = file.storyboard; name = Base; path = Base.lproj/Main.storyboard; sourceTree = "<group>"; };
		4B62CDD1221D7DB500DA8C6A /* Assets.xcassets */ = {isa = PBXFileReference; lastKnownFileType = folder.assetcatalog; path = Assets.xcassets; sourceTree = "<group>"; };
		4B62CDD4221D7DB500DA8C6A /* Base */ = {isa = PBXFileReference; lastKnownFileType = file.storyboard; name = Base; path = Base.lproj/LaunchScreen.storyboard; sourceTree = "<group>"; };
		4B62CDD6221D7DB500DA8C6A /* Info.plist */ = {isa = PBXFileReference; lastKnownFileType = text.plist.xml; path = Info.plist; sourceTree = "<group>"; };
		4B62CDDC221D80EA00DA8C6A /* DetalhesViewController.swift */ = {isa = PBXFileReference; lastKnownFileType = sourcecode.swift; path = DetalhesViewController.swift; sourceTree = "<group>"; };
/* End PBXFileReference section */

/* Begin PBXFrameworksBuildPhase section */
		4B62CDC4221D7DB300DA8C6A /* Frameworks */ = {
			isa = PBXFrameworksBuildPhase;
			buildActionMask = 2147483647;
			files = (
			);
			runOnlyForDeploymentPostprocessing = 0;
		};
/* End PBXFrameworksBuildPhase section */

/* Begin PBXGroup section */
		4B62CDBE221D7DB300DA8C6A = {
			isa = PBXGroup;
			children = (
				4B62CDC9221D7DB300DA8C6A /* Passar dados */,
				4B62CDC8221D7DB300DA8C6A /* Products */,
			);
			sourceTree = "<group>";
		};
		4B62CDC8221D7DB300DA8C6A /* Products */ = {
			isa = PBXGroup;
			children = (
				4B62CDC7221D7DB300DA8C6A /* Passar dados.app */,
			);
			name = Products;
			sourceTree = "<group>";
		};
		4B62CDC9221D7DB300DA8C6A /* Passar dados */ = {
			isa = PBXGroup;
			children = (
				4B62CDCA221D7DB300DA8C6A /* AppDelegate.swift */,
				4B62CDCC221D7DB300DA8C6A /* ViewController.swift */,
				4B62CDCE221D7DB300DA8C6A /* Main.storyboard */,
				4B62CDD1221D7DB500DA8C6A /* Assets.xcassets */,
				4B62CDD3221D7DB500DA8C6A /* LaunchScreen.storyboard */,
				4B62CDD6221D7DB500DA8C6A /* Info.plist */,
				4B62CDDC221D80EA00DA8C6A /* DetalhesViewController.swift */,
			);
			path = "Passar dados";
			sourceTree = "<group>";
		};
/* End PBXGroup section */

/* Begin PBXNativeTarget section */
		4B62CDC6221D7DB300DA8C6A /* Passar dados */ = {
			isa = PBXNativeTarget;
			buildConfigurationList = 4B62CDD9221D7DB500DA8C6A /* Build configuration list for PBXNativeTarget "Passar dados" */;
			buildPhases = (
				4B62CDC3221D7DB300DA8C6A /* Sources */,
				4B62CDC4221D7DB300DA8C6A /* Frameworks */,
				4B62CDC5221D7DB300DA8C6A /* Resources */,
			);
			buildRules = (
			);
			dependencies = (
			);
			name = "Passar dados";
			productName = "Passar dados";
			productReference = 4B62CDC7221D7DB300DA8C6A /* Passar dados.app */;
			productType = "com.apple.product-type.application";
		};
/* End PBXNativeTarget section */

/* Begin PBXProject section */
		4B62CDBF221D7DB300DA8C6A /* Project object */ = {
			isa = PBXProject;
			attributes = {
				LastSwiftUpdateCheck = 1010;
				LastUpgradeCheck = 1010;
				ORGANIZATIONNAME = "Vilmar Ferreira Gomes";
				TargetAttributes = {
					4B62CDC6221D7DB300DA8C6A = {
						CreatedOnToolsVersion = 10.1;
					};
				};
			};
			buildConfigurationList = 4B62CDC2221D7DB300DA8C6A /* Build configuration list for PBXProject "Passar dados" */;
			compatibilityVersion = "Xcode 9.3";
			developmentRegion = en;
			hasScannedForEncodings = 0;
			knownRegions = (
				en,
				Base,
			);
			mainGroup = 4B62CDBE221D7DB300DA8C6A;
			productRefGroup = 4B62CDC8221D7DB300DA8C6A /* Products */;
			projectDirPath = "";
			projectRoot = "";
			targets = (
				4B62CDC6221D7DB300DA8C6A /* Passar dados */,
			);
		};
/* End PBXProject section */

/* Begin PBXResourcesBuildPhase section */
		4B62CDC5221D7DB300DA8C6A /* Resources */ = {
			isa = PBXResourcesBuildPhase;
			buildActionMask = 2147483647;
			files = (
				4B62CDD5221D7DB500DA8C6A /* LaunchScreen.storyboard in Resources */,
				4B62CDD2221D7DB500DA8C6A /* Assets.xcassets in Resources */,
				4B62CDD0221D7DB300DA8C6A /* Main.storyboard in Resources */,
			);
			runOnlyForDeploymentPostprocessing = 0;
		};
/* End PBXResourcesBuildPhase section */

/* Begin PBXSourcesBuildPhase section */
		4B62CDC3221D7DB300DA8C6A /* Sources */ = {
			isa = PBXSourcesBuildPhase;
			buildActionMask = 2147483647;
			files = (
				4B62CDCD221D7DB300DA8C6A /* ViewController.swift in Sources */,
				4B62CDCB221D7DB300DA8C6A /* AppDelegate.swift in Sources */,
				4B62CDDD221D80EA00DA8C6A /* DetalhesViewController.swift in Sources */,
			);
			runOnlyForDeploymentPostprocessing = 0;
		};
/* End PBXSourcesBuildPhase section */

/* Begin PBXVariantGroup section */
		4B62CDCE221D7DB300DA8C6A /* Main.storyboard */ = {
			isa = PBXVariantGroup;
			children = (
				4B62CDCF221D7DB300DA8C6A /* Base */,
			);
			name = Main.storyboard;
			sourceTree = "<group>";
		};
		4B62CDD3221D7DB500DA8C6A /* LaunchScreen.storyboard */ = {
			isa = PBXVariantGroup;
			children = (
				4B62CDD4221D7DB500DA8C6A /* Base */,
			);
			name = LaunchScreen.storyboard;
			sourceTree = "<group>";
		};
/* End PBXVariantGroup section */

/* Begin XCBuildConfiguration section */
		4B62CDD7221D7DB500DA8C6A /* Debug */ = {
			isa = XCBuildConfiguration;
			buildSettings = {
				ALWAYS_SEARCH_USER_PATHS = NO;
				CLANG_ANALYZER_NONNULL = YES;
				CLANG_ANALYZER_NUMBER_OBJECT_CONVERSION = YES_AGGRESSIVE;
				CLANG_CXX_LANGUAGE_STANDARD = "gnu++14";
				CLANG_CXX_LIBRARY = "libc++";
				CLANG_ENABLE_MODULES = YES;
				CLANG_ENABLE_OBJC_ARC = YES;
				CLANG_ENABLE_OBJC_WEAK = YES;
				CLANG_WARN_BLOCK_CAPTURE_AUTORELEASING = YES;
				CLANG_WARN_BOOL_CONVERSION = YES;
				CLANG_WARN_COMMA = YES;
				CLANG_WARN_CONSTANT_CONVERSION = YES;
				CLANG_WARN_DEPRECATED_OBJC_IMPLEMENTATIONS = YES;
				CLANG_WARN_DIRECT_OBJC_ISA_USAGE = YES_ERROR;
				CLANG_WARN_DOCUMENTATION_COMMENTS = YES;
				CLANG_WARN_EMPTY_BODY = YES;
				CLANG_WARN_ENUM_CONVERSION = YES;
				CLANG_WARN_INFINITE_RECURSION = YES;
				CLANG_WARN_INT_CONVERSION = YES;
				CLANG_WARN_NON_LITERAL_NULL_CONVERSION = YES;
				CLANG_WARN_OBJC_IMPLICIT_RETAIN_SELF = YES;
				CLANG_WARN_OBJC_LITERAL_CONVERSION = YES;
				CLANG_WARN_OBJC_ROOT_CLASS = YES_ERROR;
				CLANG_WARN_RANGE_LOOP_ANALYSIS = YES;
				CLANG_WARN_STRICT_PROTOTYPES = YES;
				CLANG_WARN_SUSPICIOUS_MOVE = YES;
				CLANG_WARN_UNGUARDED_AVAILABILITY = YES_AGGRESSIVE;
				CLANG_WARN_UNREACHABLE_CODE = YES;
				CLANG_WARN__DUPLICATE_METHOD_MATCH = YES;
				CODE_SIGN_IDENTITY = "iPhone Developer";
				COPY_PHASE_STRIP = NO;
				DEBUG_INFORMATION_FORMAT = dwarf;
				ENABLE_STRICT_OBJC_MSGSEND = YES;
				ENABLE_TESTABILITY = YES;
				GCC_C_LANGUAGE_STANDARD = gnu11;
				GCC_DYNAMIC_NO_PIC = NO;
				GCC_NO_COMMON_BLOCKS = YES;
				GCC_OPTIMIZATION_LEVEL = 0;
				GCC_PREPROCESSOR_DEFINITIONS = (
					"DEBUG=1",
					"$(inherited)",
				);
				GCC_WARN_64_TO_32_BIT_CONVERSION = YES;
				GCC_WARN_ABOUT_RETURN_TYPE = YES_ERROR;
				GCC_WARN_UNDECLARED_SELECTOR = YES;
				GCC_WARN_UNINITIALIZED_AUTOS = YES_AGGRESSIVE;
				GCC_WARN_UNUSED_FUNCTION = YES;
				GCC_WARN_UNUSED_VARIABLE = YES;
				IPHONEOS_DEPLOYMENT_TARGET = 12.1;
				MTL_ENABLE_DEBUG_INFO = INCLUDE_SOURCE;
				MTL_FAST_MATH = YES;
				ONLY_ACTIVE_ARCH = YES;
				SDKROOT = iphoneos;
				SWIFT_ACTIVE_COMPILATION_CONDITIONS = DEBUG;
				SWIFT_OPTIMIZATION_LEVEL = "-Onone";
			};
			name = Debug;
		};
		4B62CDD8221D7DB500DA8C6A /* Release */ = {
			isa = XCBuildConfiguration;
			buildSettings = {
				ALWAYS_SEARCH_USER_PATHS = NO;
				CLANG_ANALYZER_NONNULL = YES;
				CLANG_ANALYZER_NUMBER_OBJECT_CONVERSION = YES_AGGRESSIVE;
				CLANG_CXX_LANGUAGE_STANDARD = "gnu++14";
				CLANG_CXX_LIBRARY = "libc++";
				CLANG_ENABLE_MODULES = YES;
				CLANG_ENABLE_OBJC_ARC = YES;
				CLANG_ENABLE_OBJC_WEAK = YES;
				CLANG_WARN_BLOCK_CAPTURE_AUTORELEASING = YES;
				CLANG_WARN_BOOL_CONVERSION = YES;
				CLANG_WARN_COMMA = YES;
				CLANG_WARN_CONSTANT_CONVERSION = YES;
				CLANG_WARN_DEPRECATED_OBJC_IMPLEMENTATIONS = YES;
				CLANG_WARN_DIRECT_OBJC_ISA_USAGE = YES_ERROR;
				CLANG_WARN_DOCUMENTATION_COMMENTS = YES;
				CLANG_WARN_EMPTY_BODY = YES;
				CLANG_WARN_ENUM_CONVERSION = YES;
				CLANG_WARN_INFINITE_RECURSION = YES;
				CLANG_WARN_INT_CONVERSION = YES;
				CLANG_WARN_NON_LITERAL_NULL_CONVERSION = YES;
				CLANG_WARN_OBJC_IMPLICIT_RETAIN_SELF = YES;
				CLANG_WARN_OBJC_LITERAL_CONVERSION = YES;
				CLANG_WARN_OBJC_ROOT_CLASS = YES_ERROR;
				CLANG_WARN_RANGE_LOOP_ANALYSIS = YES;
				CLANG_WARN_STRICT_PROTOTYPES = YES;
				CLANG_WARN_SUSPICIOUS_MOVE = YES;
				CLANG_WARN_UNGUARDED_AVAILABILITY = YES_AGGRESSIVE;
				CLANG_WARN_UNREACHABLE_CODE = YES;
				CLANG_WARN__DUPLICATE_METHOD_MATCH = YES;
				CODE_SIGN_IDENTITY = "iPhone Developer";
				COPY_PHASE_STRIP = NO;
				DEBUG_INFORMATION_FORMAT = "dwarf-with-dsym";
				ENABLE_NS_ASSERTIONS = NO;
				ENABLE_STRICT_OBJC_MSGSEND = YES;
				GCC_C_LANGUAGE_STANDARD = gnu11;
				GCC_NO_COMMON_BLOCKS = YES;
				GCC_WARN_64_TO_32_BIT_CONVERSION = YES;
				GCC_WARN_ABOUT_RETURN_TYPE = YES_ERROR;
				GCC_WARN_UNDECLARED_SELECTOR = YES;
				GCC_WARN_UNINITIALIZED_AUTOS = YES_AGGRESSIVE;
				GCC_WARN_UNUSED_FUNCTION = YES;
				GCC_WARN_UNUSED_VARIABLE = YES;
				IPHONEOS_DEPLOYMENT_TARGET = 12.1;
				MTL_ENABLE_DEBUG_INFO = NO;
				MTL_FAST_MATH = YES;
				SDKROOT = iphoneos;
				SWIFT_COMPILATION_MODE = wholemodule;
				SWIFT_OPTIMIZATION_LEVEL = "-O";
				VALIDATE_PRODUCT = YES;
			};
			name = Release;
		};
		4B62CDDA221D7DB500DA8C6A /* Debug */ = {
			isa = XCBuildConfiguration;
			buildSettings = {
				ASSETCATALOG_COMPILER_APPICON_NAME = AppIcon;
				CODE_SIGN_STYLE = Automatic;
				DEVELOPMENT_TEAM = 6JNYD665BB;
				INFOPLIST_FILE = "Passar dados/Info.plist";
				LD_RUNPATH_SEARCH_PATHS = (
					"$(inherited)",
					"@executable_path/Frameworks",
				);
				PRODUCT_BUNDLE_IDENTIFIER = "ferreira.gomes.Passar-dados";
				PRODUCT_NAME = "$(TARGET_NAME)";
				SWIFT_VERSION = 4.2;
				TARGETED_DEVICE_FAMILY = "1,2";
			};
			name = Debug;
		};
		4B62CDDB221D7DB500DA8C6A /* Release */ = {
			isa = XCBuildConfiguration;
			buildSettings = {
				ASSETCATALOG_COMPILER_APPICON_NAME = AppIcon;
				CODE_SIGN_STYLE = Automatic;
				DEVELOPMENT_TEAM = 6JNYD665BB;
				INFOPLIST_FILE = "Passar dados/Info.plist";
				LD_RUNPATH_SEARCH_PATHS = (
					"$(inherited)",
					"@executable_path/Frameworks",
				);
				PRODUCT_BUNDLE_IDENTIFIER = "ferreira.gomes.Passar-dados";
				PRODUCT_NAME = "$(TARGET_NAME)";
				SWIFT_VERSION = 4.2;
				TARGETED_DEVICE_FAMILY = "1,2";
			};
			name = Release;
		};
/* End XCBuildConfiguration section */

/* Begin XCConfigurationList section */
		4B62CDC2221D7DB300DA8C6A /* Build configuration list for PBXProject "Passar dados" */ = {
			isa = XCConfigurationList;
			buildConfigurations = (
				4B62CDD7221D7DB500DA8C6A /* Debug */,
				4B62CDD8221D7DB500DA8C6A /* Release */,
			);
			defaultConfigurationIsVisible = 0;
			defaultConfigurationName = Release;
		};
		4B62CDD9221D7DB500DA8C6A /* Build configuration list for PBXNativeTarget "Passar dados" */ = {
			isa = XCConfigurationList;
			buildConfigurations = (
				4B62CDDA221D7DB500DA8C6A /* Debug */,
				4B62CDDB221D7DB500DA8C6A /* Release */,
			);
			defaultConfigurationIsVisible = 0;
			defaultConfigurationName = Release;
		};
/* End XCConfigurationList section */
	};
	rootObject = 4B62CDBF221D7DB300DA8C6A /* Project object */;
}
